// !$*UTF8*$!
{
	archiveVersion = 1;
	classes = {
	};
	objectVersion = 55;
	objects = {

/* Begin PBXBuildFile section */
		E3AE938D2857D1F500545925 /* Simon_s_Weather_AppApp.swift in Sources */ = {isa = PBXBuildFile; fileRef = E3AE938C2857D1F500545925 /* Simon_s_Weather_AppApp.swift */; };
		E3AE938F2857D1F500545925 /* ContentView.swift in Sources */ = {isa = PBXBuildFile; fileRef = E3AE938E2857D1F500545925 /* ContentView.swift */; };
		E3AE93912857D1F800545925 /* Assets.xcassets in Resources */ = {isa = PBXBuildFile; fileRef = E3AE93902857D1F800545925 /* Assets.xcassets */; };
		E3AE93942857D1F800545925 /* Preview Assets.xcassets in Resources */ = {isa = PBXBuildFile; fileRef = E3AE93932857D1F800545925 /* Preview Assets.xcassets */; };
		E3AE939E2857D1F800545925 /* Simon_s_Weather_AppTests.swift in Sources */ = {isa = PBXBuildFile; fileRef = E3AE939D2857D1F800545925 /* Simon_s_Weather_AppTests.swift */; };
		E3AE93A82857D1F800545925 /* Simon_s_Weather_AppUITests.swift in Sources */ = {isa = PBXBuildFile; fileRef = E3AE93A72857D1F800545925 /* Simon_s_Weather_AppUITests.swift */; };
		E3AE93AA2857D1F800545925 /* Simon_s_Weather_AppUITestsLaunchTests.swift in Sources */ = {isa = PBXBuildFile; fileRef = E3AE93A92857D1F800545925 /* Simon_s_Weather_AppUITestsLaunchTests.swift */; };
		E3AE93B82857D28100545925 /* LocationHandler.swift in Sources */ = {isa = PBXBuildFile; fileRef = E3AE93B72857D28100545925 /* LocationHandler.swift */; };
		E3AE93BA2857D59F00545925 /* StartScreen.swift in Sources */ = {isa = PBXBuildFile; fileRef = E3AE93B92857D59F00545925 /* StartScreen.swift */; };
		E3AE93BC2857D99200545925 /* LoadingScreen.swift in Sources */ = {isa = PBXBuildFile; fileRef = E3AE93BB2857D99200545925 /* LoadingScreen.swift */; };
		E3AE93BE2857DD1700545925 /* WeatherHandler.swift in Sources */ = {isa = PBXBuildFile; fileRef = E3AE93BD2857DD1700545925 /* WeatherHandler.swift */; };
		E3AE93C02857E1E600545925 /* WeatherInfoScreen.swift in Sources */ = {isa = PBXBuildFile; fileRef = E3AE93BF2857E1E600545925 /* WeatherInfoScreen.swift */; };
		E3AE93C22857EC4800545925 /* ModelData.swift in Sources */ = {isa = PBXBuildFile; fileRef = E3AE93C12857EC4800545925 /* ModelData.swift */; };
		E3AE93C62857ED8000545925 /* weatherJson.json in Resources */ = {isa = PBXBuildFile; fileRef = E3AE93C52857ED8000545925 /* weatherJson.json */; };
		E3AE93C82857F16800545925 /* Extensions.swift in Sources */ = {isa = PBXBuildFile; fileRef = E3AE93C72857F16800545925 /* Extensions.swift */; };
/* End PBXBuildFile section */

/* Begin PBXContainerItemProxy section */
		E3AE939A2857D1F800545925 /* PBXContainerItemProxy */ = {
			isa = PBXContainerItemProxy;
			containerPortal = E3AE93812857D1F500545925 /* Project object */;
			proxyType = 1;
			remoteGlobalIDString = E3AE93882857D1F500545925;
			remoteInfo = "Simon's Weather App";
		};
		E3AE93A42857D1F800545925 /* PBXContainerItemProxy */ = {
			isa = PBXContainerItemProxy;
			containerPortal = E3AE93812857D1F500545925 /* Project object */;
			proxyType = 1;
			remoteGlobalIDString = E3AE93882857D1F500545925;
			remoteInfo = "Simon's Weather App";
		};
/* End PBXContainerItemProxy section */

/* Begin PBXFileReference section */
		E3AE93892857D1F500545925 /* Simon's Weather App.app */ = {isa = PBXFileReference; explicitFileType = wrapper.application; includeInIndex = 0; path = "Simon's Weather App.app"; sourceTree = BUILT_PRODUCTS_DIR; };
		E3AE938C2857D1F500545925 /* Simon_s_Weather_AppApp.swift */ = {isa = PBXFileReference; lastKnownFileType = sourcecode.swift; path = Simon_s_Weather_AppApp.swift; sourceTree = "<group>"; };
		E3AE938E2857D1F500545925 /* ContentView.swift */ = {isa = PBXFileReference; lastKnownFileType = sourcecode.swift; path = ContentView.swift; sourceTree = "<group>"; };
		E3AE93902857D1F800545925 /* Assets.xcassets */ = {isa = PBXFileReference; lastKnownFileType = folder.assetcatalog; path = Assets.xcassets; sourceTree = "<group>"; };
		E3AE93932857D1F800545925 /* Preview Assets.xcassets */ = {isa = PBXFileReference; lastKnownFileType = folder.assetcatalog; path = "Preview Assets.xcassets"; sourceTree = "<group>"; };
		E3AE93992857D1F800545925 /* Simon's Weather AppTests.xctest */ = {isa = PBXFileReference; explicitFileType = wrapper.cfbundle; includeInIndex = 0; path = "Simon's Weather AppTests.xctest"; sourceTree = BUILT_PRODUCTS_DIR; };
		E3AE939D2857D1F800545925 /* Simon_s_Weather_AppTests.swift */ = {isa = PBXFileReference; lastKnownFileType = sourcecode.swift; path = Simon_s_Weather_AppTests.swift; sourceTree = "<group>"; };
		E3AE93A32857D1F800545925 /* Simon's Weather AppUITests.xctest */ = {isa = PBXFileReference; explicitFileType = wrapper.cfbundle; includeInIndex = 0; path = "Simon's Weather AppUITests.xctest"; sourceTree = BUILT_PRODUCTS_DIR; };
		E3AE93A72857D1F800545925 /* Simon_s_Weather_AppUITests.swift */ = {isa = PBXFileReference; lastKnownFileType = sourcecode.swift; path = Simon_s_Weather_AppUITests.swift; sourceTree = "<group>"; };
		E3AE93A92857D1F800545925 /* Simon_s_Weather_AppUITestsLaunchTests.swift */ = {isa = PBXFileReference; lastKnownFileType = sourcecode.swift; path = Simon_s_Weather_AppUITestsLaunchTests.swift; sourceTree = "<group>"; };
		E3AE93B72857D28100545925 /* LocationHandler.swift */ = {isa = PBXFileReference; lastKnownFileType = sourcecode.swift; path = LocationHandler.swift; sourceTree = "<group>"; };
		E3AE93B92857D59F00545925 /* StartScreen.swift */ = {isa = PBXFileReference; lastKnownFileType = sourcecode.swift; path = StartScreen.swift; sourceTree = "<group>"; };
		E3AE93BB2857D99200545925 /* LoadingScreen.swift */ = {isa = PBXFileReference; lastKnownFileType = sourcecode.swift; path = LoadingScreen.swift; sourceTree = "<group>"; };
		E3AE93BD2857DD1700545925 /* WeatherHandler.swift */ = {isa = PBXFileReference; lastKnownFileType = sourcecode.swift; path = WeatherHandler.swift; sourceTree = "<group>"; };
		E3AE93BF2857E1E600545925 /* WeatherInfoScreen.swift */ = {isa = PBXFileReference; lastKnownFileType = sourcecode.swift; path = WeatherInfoScreen.swift; sourceTree = "<group>"; };
		E3AE93C12857EC4800545925 /* ModelData.swift */ = {isa = PBXFileReference; lastKnownFileType = sourcecode.swift; path = ModelData.swift; sourceTree = "<group>"; };
		E3AE93C52857ED8000545925 /* weatherJson.json */ = {isa = PBXFileReference; explicitFileType = text.json; path = weatherJson.json; sourceTree = "<group>"; };
		E3AE93C72857F16800545925 /* Extensions.swift */ = {isa = PBXFileReference; lastKnownFileType = sourcecode.swift; path = Extensions.swift; sourceTree = "<group>"; };
/* End PBXFileReference section */

/* Begin PBXFrameworksBuildPhase section */
		E3AE93862857D1F500545925 /* Frameworks */ = {
			isa = PBXFrameworksBuildPhase;
			buildActionMask = 2147483647;
			files = (
			);
			runOnlyForDeploymentPostprocessing = 0;
		};
		E3AE93962857D1F800545925 /* Frameworks */ = {
			isa = PBXFrameworksBuildPhase;
			buildActionMask = 2147483647;
			files = (
			);
			runOnlyForDeploymentPostprocessing = 0;
		};
		E3AE93A02857D1F800545925 /* Frameworks */ = {
			isa = PBXFrameworksBuildPhase;
			buildActionMask = 2147483647;
			files = (
			);
			runOnlyForDeploymentPostprocessing = 0;
		};
/* End PBXFrameworksBuildPhase section */

/* Begin PBXGroup section */
		E3AE93802857D1F500545925 = {
			isa = PBXGroup;
			children = (
				E3AE938B2857D1F500545925 /* Simon's Weather App */,
				E3AE939C2857D1F800545925 /* Simon's Weather AppTests */,
				E3AE93A62857D1F800545925 /* Simon's Weather AppUITests */,
				E3AE938A2857D1F500545925 /* Products */,
			);
			sourceTree = "<group>";
		};
		E3AE938A2857D1F500545925 /* Products */ = {
			isa = PBXGroup;
			children = (
				E3AE93892857D1F500545925 /* Simon's Weather App.app */,
				E3AE93992857D1F800545925 /* Simon's Weather AppTests.xctest */,
				E3AE93A32857D1F800545925 /* Simon's Weather AppUITests.xctest */,
			);
			name = Products;
			sourceTree = "<group>";
		};
		E3AE938B2857D1F500545925 /* Simon's Weather App */ = {
			isa = PBXGroup;
			children = (
				E3AE93B62857D26000545925 /* Handler */,
				E3AE938C2857D1F500545925 /* Simon_s_Weather_AppApp.swift */,
				E3AE938E2857D1F500545925 /* ContentView.swift */,
				E3AE93902857D1F800545925 /* Assets.xcassets */,
				E3AE93922857D1F800545925 /* Preview Content */,
				E3AE93B92857D59F00545925 /* StartScreen.swift */,
				E3AE93BB2857D99200545925 /* LoadingScreen.swift */,
				E3AE93BF2857E1E600545925 /* WeatherInfoScreen.swift */,
				E3AE93C72857F16800545925 /* Extensions.swift */,
			);
			path = "Simon's Weather App";
			sourceTree = "<group>";
		};
		E3AE93922857D1F800545925 /* Preview Content */ = {
			isa = PBXGroup;
			children = (
				E3AE93932857D1F800545925 /* Preview Assets.xcassets */,
				E3AE93C12857EC4800545925 /* ModelData.swift */,
				E3AE93C52857ED8000545925 /* weatherJson.json */,
			);
			path = "Preview Content";
			sourceTree = "<group>";
		};
		E3AE939C2857D1F800545925 /* Simon's Weather AppTests */ = {
			isa = PBXGroup;
			children = (
				E3AE939D2857D1F800545925 /* Simon_s_Weather_AppTests.swift */,
			);
			path = "Simon's Weather AppTests";
			sourceTree = "<group>";
		};
		E3AE93A62857D1F800545925 /* Simon's Weather AppUITests */ = {
			isa = PBXGroup;
			children = (
				E3AE93A72857D1F800545925 /* Simon_s_Weather_AppUITests.swift */,
				E3AE93A92857D1F800545925 /* Simon_s_Weather_AppUITestsLaunchTests.swift */,
			);
			path = "Simon's Weather AppUITests";
			sourceTree = "<group>";
		};
		E3AE93B62857D26000545925 /* Handler */ = {
			isa = PBXGroup;
			children = (
				E3AE93B72857D28100545925 /* LocationHandler.swift */,
				E3AE93BD2857DD1700545925 /* WeatherHandler.swift */,
			);
			path = Handler;
			sourceTree = "<group>";
		};
/* End PBXGroup section */

/* Begin PBXNativeTarget section */
		E3AE93882857D1F500545925 /* Simon's Weather App */ = {
			isa = PBXNativeTarget;
			buildConfigurationList = E3AE93AD2857D1F800545925 /* Build configuration list for PBXNativeTarget "Simon's Weather App" */;
			buildPhases = (
				E3AE93852857D1F500545925 /* Sources */,
				E3AE93862857D1F500545925 /* Frameworks */,
				E3AE93872857D1F500545925 /* Resources */,
			);
			buildRules = (
			);
			dependencies = (
			);
			name = "Simon's Weather App";
			productName = "Simon's Weather App";
			productReference = E3AE93892857D1F500545925 /* Simon's Weather App.app */;
			productType = "com.apple.product-type.application";
		};
		E3AE93982857D1F800545925 /* Simon's Weather AppTests */ = {
			isa = PBXNativeTarget;
			buildConfigurationList = E3AE93B02857D1F800545925 /* Build configuration list for PBXNativeTarget "Simon's Weather AppTests" */;
			buildPhases = (
				E3AE93952857D1F800545925 /* Sources */,
				E3AE93962857D1F800545925 /* Frameworks */,
				E3AE93972857D1F800545925 /* Resources */,
			);
			buildRules = (
			);
			dependencies = (
				E3AE939B2857D1F800545925 /* PBXTargetDependency */,
			);
			name = "Simon's Weather AppTests";
			productName = "Simon's Weather AppTests";
			productReference = E3AE93992857D1F800545925 /* Simon's Weather AppTests.xctest */;
			productType = "com.apple.product-type.bundle.unit-test";
		};
		E3AE93A22857D1F800545925 /* Simon's Weather AppUITests */ = {
			isa = PBXNativeTarget;
			buildConfigurationList = E3AE93B32857D1F800545925 /* Build configuration list for PBXNativeTarget "Simon's Weather AppUITests" */;
			buildPhases = (
				E3AE939F2857D1F800545925 /* Sources */,
				E3AE93A02857D1F800545925 /* Frameworks */,
				E3AE93A12857D1F800545925 /* Resources */,
			);
			buildRules = (
			);
			dependencies = (
				E3AE93A52857D1F800545925 /* PBXTargetDependency */,
			);
			name = "Simon's Weather AppUITests";
			productName = "Simon's Weather AppUITests";
			productReference = E3AE93A32857D1F800545925 /* Simon's Weather AppUITests.xctest */;
			productType = "com.apple.product-type.bundle.ui-testing";
		};
/* End PBXNativeTarget section */

/* Begin PBXProject section */
		E3AE93812857D1F500545925 /* Project object */ = {
			isa = PBXProject;
			attributes = {
				BuildIndependentTargetsInParallel = 1;
				LastSwiftUpdateCheck = 1340;
				LastUpgradeCheck = 1340;
				TargetAttributes = {
					E3AE93882857D1F500545925 = {
						CreatedOnToolsVersion = 13.4.1;
					};
					E3AE93982857D1F800545925 = {
						CreatedOnToolsVersion = 13.4.1;
						TestTargetID = E3AE93882857D1F500545925;
					};
					E3AE93A22857D1F800545925 = {
						CreatedOnToolsVersion = 13.4.1;
						TestTargetID = E3AE93882857D1F500545925;
					};
				};
			};
			buildConfigurationList = E3AE93842857D1F500545925 /* Build configuration list for PBXProject "Simon's Weather App" */;
			compatibilityVersion = "Xcode 13.0";
			developmentRegion = en;
			hasScannedForEncodings = 0;
			knownRegions = (
				en,
				Base,
			);
			mainGroup = E3AE93802857D1F500545925;
			productRefGroup = E3AE938A2857D1F500545925 /* Products */;
			projectDirPath = "";
			projectRoot = "";
			targets = (
				E3AE93882857D1F500545925 /* Simon's Weather App */,
				E3AE93982857D1F800545925 /* Simon's Weather AppTests */,
				E3AE93A22857D1F800545925 /* Simon's Weather AppUITests */,
			);
		};
/* End PBXProject section */

/* Begin PBXResourcesBuildPhase section */
		E3AE93872857D1F500545925 /* Resources */ = {
			isa = PBXResourcesBuildPhase;
			buildActionMask = 2147483647;
			files = (
				E3AE93942857D1F800545925 /* Preview Assets.xcassets in Resources */,
				E3AE93C62857ED8000545925 /* weatherJson.json in Resources */,
				E3AE93912857D1F800545925 /* Assets.xcassets in Resources */,
			);
			runOnlyForDeploymentPostprocessing = 0;
		};
		E3AE93972857D1F800545925 /* Resources */ = {
			isa = PBXResourcesBuildPhase;
			buildActionMask = 2147483647;
			files = (
			);
			runOnlyForDeploymentPostprocessing = 0;
		};
		E3AE93A12857D1F800545925 /* Resources */ = {
			isa = PBXResourcesBuildPhase;
			buildActionMask = 2147483647;
			files = (
			);
			runOnlyForDeploymentPostprocessing = 0;
		};
/* End PBXResourcesBuildPhase section */

/* Begin PBXSourcesBuildPhase section */
		E3AE93852857D1F500545925 /* Sources */ = {
			isa = PBXSourcesBuildPhase;
			buildActionMask = 2147483647;
			files = (
				E3AE93BC2857D99200545925 /* LoadingScreen.swift in Sources */,
				E3AE93C82857F16800545925 /* Extensions.swift in Sources */,
				E3AE93BE2857DD1700545925 /* WeatherHandler.swift in Sources */,
				E3AE93B82857D28100545925 /* LocationHandler.swift in Sources */,
				E3AE93C02857E1E600545925 /* WeatherInfoScreen.swift in Sources */,
				E3AE938F2857D1F500545925 /* ContentView.swift in Sources */,
				E3AE93C22857EC4800545925 /* ModelData.swift in Sources */,
				E3AE93BA2857D59F00545925 /* StartScreen.swift in Sources */,
				E3AE938D2857D1F500545925 /* Simon_s_Weather_AppApp.swift in Sources */,
			);
			runOnlyForDeploymentPostprocessing = 0;
		};
		E3AE93952857D1F800545925 /* Sources */ = {
			isa = PBXSourcesBuildPhase;
			buildActionMask = 2147483647;
			files = (
				E3AE939E2857D1F800545925 /* Simon_s_Weather_AppTests.swift in Sources */,
			);
			runOnlyForDeploymentPostprocessing = 0;
		};
		E3AE939F2857D1F800545925 /* Sources */ = {
			isa = PBXSourcesBuildPhase;
			buildActionMask = 2147483647;
			files = (
				E3AE93AA2857D1F800545925 /* Simon_s_Weather_AppUITestsLaunchTests.swift in Sources */,
				E3AE93A82857D1F800545925 /* Simon_s_Weather_AppUITests.swift in Sources */,
			);
			runOnlyForDeploymentPostprocessing = 0;
		};
/* End PBXSourcesBuildPhase section */

/* Begin PBXTargetDependency section */
		E3AE939B2857D1F800545925 /* PBXTargetDependency */ = {
			isa = PBXTargetDependency;
			target = E3AE93882857D1F500545925 /* Simon's Weather App */;
			targetProxy = E3AE939A2857D1F800545925 /* PBXContainerItemProxy */;
		};
		E3AE93A52857D1F800545925 /* PBXTargetDependency */ = {
			isa = PBXTargetDependency;
			target = E3AE93882857D1F500545925 /* Simon's Weather App */;
			targetProxy = E3AE93A42857D1F800545925 /* PBXContainerItemProxy */;
		};
/* End PBXTargetDependency section */

/* Begin XCBuildConfiguration section */
		E3AE93AB2857D1F800545925 /* Debug */ = {
			isa = XCBuildConfiguration;
			buildSettings = {
				ALWAYS_SEARCH_USER_PATHS = NO;
				CLANG_ANALYZER_NONNULL = YES;
				CLANG_ANALYZER_NUMBER_OBJECT_CONVERSION = YES_AGGRESSIVE;
				CLANG_CXX_LANGUAGE_STANDARD = "gnu++17";
				CLANG_ENABLE_MODULES = YES;
				CLANG_ENABLE_OBJC_ARC = YES;
				CLANG_ENABLE_OBJC_WEAK = YES;
				CLANG_WARN_BLOCK_CAPTURE_AUTORELEASING = YES;
				CLANG_WARN_BOOL_CONVERSION = YES;
				CLANG_WARN_COMMA = YES;
				CLANG_WARN_CONSTANT_CONVERSION = YES;
				CLANG_WARN_DEPRECATED_OBJC_IMPLEMENTATIONS = YES;
				CLANG_WARN_DIRECT_OBJC_ISA_USAGE = YES_ERROR;
				CLANG_WARN_DOCUMENTATION_COMMENTS = YES;
				CLANG_WARN_EMPTY_BODY = YES;
				CLANG_WARN_ENUM_CONVERSION = YES;
				CLANG_WARN_INFINITE_RECURSION = YES;
				CLANG_WARN_INT_CONVERSION = YES;
				CLANG_WARN_NON_LITERAL_NULL_CONVERSION = YES;
				CLANG_WARN_OBJC_IMPLICIT_RETAIN_SELF = YES;
				CLANG_WARN_OBJC_LITERAL_CONVERSION = YES;
				CLANG_WARN_OBJC_ROOT_CLASS = YES_ERROR;
				CLANG_WARN_QUOTED_INCLUDE_IN_FRAMEWORK_HEADER = YES;
				CLANG_WARN_RANGE_LOOP_ANALYSIS = YES;
				CLANG_WARN_STRICT_PROTOTYPES = YES;
				CLANG_WARN_SUSPICIOUS_MOVE = YES;
				CLANG_WARN_UNGUARDED_AVAILABILITY = YES_AGGRESSIVE;
				CLANG_WARN_UNREACHABLE_CODE = YES;
				CLANG_WARN__DUPLICATE_METHOD_MATCH = YES;
				COPY_PHASE_STRIP = NO;
				DEBUG_INFORMATION_FORMAT = dwarf;
				ENABLE_STRICT_OBJC_MSGSEND = YES;
				ENABLE_TESTABILITY = YES;
				GCC_C_LANGUAGE_STANDARD = gnu11;
				GCC_DYNAMIC_NO_PIC = NO;
				GCC_NO_COMMON_BLOCKS = YES;
				GCC_OPTIMIZATION_LEVEL = 0;
				GCC_PREPROCESSOR_DEFINITIONS = (
					"DEBUG=1",
					"$(inherited)",
				);
				GCC_WARN_64_TO_32_BIT_CONVERSION = YES;
				GCC_WARN_ABOUT_RETURN_TYPE = YES_ERROR;
				GCC_WARN_UNDECLARED_SELECTOR = YES;
				GCC_WARN_UNINITIALIZED_AUTOS = YES_AGGRESSIVE;
				GCC_WARN_UNUSED_FUNCTION = YES;
				GCC_WARN_UNUSED_VARIABLE = YES;
				IPHONEOS_DEPLOYMENT_TARGET = 15.5;
				MTL_ENABLE_DEBUG_INFO = INCLUDE_SOURCE;
				MTL_FAST_MATH = YES;
				ONLY_ACTIVE_ARCH = YES;
				SDKROOT = iphoneos;
				SWIFT_ACTIVE_COMPILATION_CONDITIONS = DEBUG;
				SWIFT_OPTIMIZATION_LEVEL = "-Onone";
			};
			name = Debug;
		};
		E3AE93AC2857D1F800545925 /* Release */ = {
			isa = XCBuildConfiguration;
			buildSettings = {
				ALWAYS_SEARCH_USER_PATHS = NO;
				CLANG_ANALYZER_NONNULL = YES;
				CLANG_ANALYZER_NUMBER_OBJECT_CONVERSION = YES_AGGRESSIVE;
				CLANG_CXX_LANGUAGE_STANDARD = "gnu++17";
				CLANG_ENABLE_MODULES = YES;
				CLANG_ENABLE_OBJC_ARC = YES;
				CLANG_ENABLE_OBJC_WEAK = YES;
				CLANG_WARN_BLOCK_CAPTURE_AUTORELEASING = YES;
				CLANG_WARN_BOOL_CONVERSION = YES;
				CLANG_WARN_COMMA = YES;
				CLANG_WARN_CONSTANT_CONVERSION = YES;
				CLANG_WARN_DEPRECATED_OBJC_IMPLEMENTATIONS = YES;
				CLANG_WARN_DIRECT_OBJC_ISA_USAGE = YES_ERROR;
				CLANG_WARN_DOCUMENTATION_COMMENTS = YES;
				CLANG_WARN_EMPTY_BODY = YES;
				CLANG_WARN_ENUM_CONVERSION = YES;
				CLANG_WARN_INFINITE_RECURSION = YES;
				CLANG_WARN_INT_CONVERSION = YES;
				CLANG_WARN_NON_LITERAL_NULL_CONVERSION = YES;
				CLANG_WARN_OBJC_IMPLICIT_RETAIN_SELF = YES;
				CLANG_WARN_OBJC_LITERAL_CONVERSION = YES;
				CLANG_WARN_OBJC_ROOT_CLASS = YES_ERROR;
				CLANG_WARN_QUOTED_INCLUDE_IN_FRAMEWORK_HEADER = YES;
				CLANG_WARN_RANGE_LOOP_ANALYSIS = YES;
				CLANG_WARN_STRICT_PROTOTYPES = YES;
				CLANG_WARN_SUSPICIOUS_MOVE = YES;
				CLANG_WARN_UNGUARDED_AVAILABILITY = YES_AGGRESSIVE;
				CLANG_WARN_UNREACHABLE_CODE = YES;
				CLANG_WARN__DUPLICATE_METHOD_MATCH = YES;
				COPY_PHASE_STRIP = NO;
				DEBUG_INFORMATION_FORMAT = "dwarf-with-dsym";
				ENABLE_NS_ASSERTIONS = NO;
				ENABLE_STRICT_OBJC_MSGSEND = YES;
				GCC_C_LANGUAGE_STANDARD = gnu11;
				GCC_NO_COMMON_BLOCKS = YES;
				GCC_WARN_64_TO_32_BIT_CONVERSION = YES;
				GCC_WARN_ABOUT_RETURN_TYPE = YES_ERROR;
				GCC_WARN_UNDECLARED_SELECTOR = YES;
				GCC_WARN_UNINITIALIZED_AUTOS = YES_AGGRESSIVE;
				GCC_WARN_UNUSED_FUNCTION = YES;
				GCC_WARN_UNUSED_VARIABLE = YES;
				IPHONEOS_DEPLOYMENT_TARGET = 15.5;
				MTL_ENABLE_DEBUG_INFO = NO;
				MTL_FAST_MATH = YES;
				SDKROOT = iphoneos;
				SWIFT_COMPILATION_MODE = wholemodule;
				SWIFT_OPTIMIZATION_LEVEL = "-O";
				VALIDATE_PRODUCT = YES;
			};
			name = Release;
		};
		E3AE93AE2857D1F800545925 /* Debug */ = {
			isa = XCBuildConfiguration;
			buildSettings = {
				ASSETCATALOG_COMPILER_APPICON_NAME = AppIcon;
				ASSETCATALOG_COMPILER_GLOBAL_ACCENT_COLOR_NAME = AccentColor;
				CODE_SIGN_STYLE = Automatic;
				CURRENT_PROJECT_VERSION = 1;
				DEVELOPMENT_ASSET_PATHS = "\"Simon's Weather App/Preview Content\"";
				DEVELOPMENT_TEAM = 26596TK65H;
				ENABLE_PREVIEWS = YES;
				GENERATE_INFOPLIST_FILE = YES;
				INFOPLIST_KEY_UIApplicationSceneManifest_Generation = YES;
				INFOPLIST_KEY_UIApplicationSupportsIndirectInputEvents = YES;
				INFOPLIST_KEY_UILaunchScreen_Generation = YES;
				INFOPLIST_KEY_UISupportedInterfaceOrientations_iPad = "UIInterfaceOrientationPortrait UIInterfaceOrientationPortraitUpsideDown UIInterfaceOrientationLandscapeLeft UIInterfaceOrientationLandscapeRight";
				INFOPLIST_KEY_UISupportedInterfaceOrientations_iPhone = "UIInterfaceOrientationPortrait UIInterfaceOrientationLandscapeLeft UIInterfaceOrientationLandscapeRight";
				LD_RUNPATH_SEARCH_PATHS = (
					"$(inherited)",
					"@executable_path/Frameworks",
				);
				MARKETING_VERSION = 1.0;
				PRODUCT_BUNDLE_IDENTIFIER = "com.skmoyana.Simon-s-Weather-App";
				PRODUCT_NAME = "$(TARGET_NAME)";
				SWIFT_EMIT_LOC_STRINGS = YES;
				SWIFT_VERSION = 5.0;
				TARGETED_DEVICE_FAMILY = "1,2";
			};
			name = Debug;
		};
		E3AE93AF2857D1F800545925 /* Release */ = {
			isa = XCBuildConfiguration;
			buildSettings = {
				ASSETCATALOG_COMPILER_APPICON_NAME = AppIcon;
				ASSETCATALOG_COMPILER_GLOBAL_ACCENT_COLOR_NAME = AccentColor;
				CODE_SIGN_STYLE = Automatic;
				CURRENT_PROJECT_VERSION = 1;
				DEVELOPMENT_ASSET_PATHS = "\"Simon's Weather App/Preview Content\"";
				DEVELOPMENT_TEAM = 26596TK65H;
				ENABLE_PREVIEWS = YES;
				GENERATE_INFOPLIST_FILE = YES;
				INFOPLIST_KEY_UIApplicationSceneManifest_Generation = YES;
				INFOPLIST_KEY_UIApplicationSupportsIndirectInputEvents = YES;
				INFOPLIST_KEY_UILaunchScreen_Generation = YES;
				INFOPLIST_KEY_UISupportedInterfaceOrientations_iPad = "UIInterfaceOrientationPortrait UIInterfaceOrientationPortraitUpsideDown UIInterfaceOrientationLandscapeLeft UIInterfaceOrientationLandscapeRight";
				INFOPLIST_KEY_UISupportedInterfaceOrientations_iPhone = "UIInterfaceOrientationPortrait UIInterfaceOrientationLandscapeLeft UIInterfaceOrientationLandscapeRight";
				LD_RUNPATH_SEARCH_PATHS = (
					"$(inherited)",
					"@executable_path/Frameworks",
				);
				MARKETING_VERSION = 1.0;
				PRODUCT_BUNDLE_IDENTIFIER = "com.skmoyana.Simon-s-Weather-App";
				PRODUCT_NAME = "$(TARGET_NAME)";
				SWIFT_EMIT_LOC_STRINGS = YES;
				SWIFT_VERSION = 5.0;
				TARGETED_DEVICE_FAMILY = "1,2";
			};
			name = Release;
		};
		E3AE93B12857D1F800545925 /* Debug */ = {
			isa = XCBuildConfiguration;
			buildSettings = {
				ALWAYS_EMBED_SWIFT_STANDARD_LIBRARIES = YES;
				BUNDLE_LOADER = "$(TEST_HOST)";
				CODE_SIGN_STYLE = Automatic;
				CURRENT_PROJECT_VERSION = 1;
				DEVELOPMENT_TEAM = 26596TK65H;
				GENERATE_INFOPLIST_FILE = YES;
				IPHONEOS_DEPLOYMENT_TARGET = 15.5;
				MARKETING_VERSION = 1.0;
				PRODUCT_BUNDLE_IDENTIFIER = "com.skmoyana.Simon-s-Weather-AppTests";
				PRODUCT_NAME = "$(TARGET_NAME)";
				SWIFT_EMIT_LOC_STRINGS = NO;
				SWIFT_VERSION = 5.0;
				TARGETED_DEVICE_FAMILY = "1,2";
				TEST_HOST = "$(BUILT_PRODUCTS_DIR)/Simon's Weather App.app/Simon's Weather App";
			};
			name = Debug;
		};
		E3AE93B22857D1F800545925 /* Release */ = {
			isa = XCBuildConfiguration;
			buildSettings = {
				ALWAYS_EMBED_SWIFT_STANDARD_LIBRARIES = YES;
				BUNDLE_LOADER = "$(TEST_HOST)";
				CODE_SIGN_STYLE = Automatic;
				CURRENT_PROJECT_VERSION = 1;
				DEVELOPMENT_TEAM = 26596TK65H;
				GENERATE_INFOPLIST_FILE = YES;
				IPHONEOS_DEPLOYMENT_TARGET = 15.5;
				MARKETING_VERSION = 1.0;
				PRODUCT_BUNDLE_IDENTIFIER = "com.skmoyana.Simon-s-Weather-AppTests";
				PRODUCT_NAME = "$(TARGET_NAME)";
				SWIFT_EMIT_LOC_STRINGS = NO;
				SWIFT_VERSION = 5.0;
				TARGETED_DEVICE_FAMILY = "1,2";
				TEST_HOST = "$(BUILT_PRODUCTS_DIR)/Simon's Weather App.app/Simon's Weather App";
			};
			name = Release;
		};
		E3AE93B42857D1F800545925 /* Debug */ = {
			isa = XCBuildConfiguration;
			buildSettings = {
				ALWAYS_EMBED_SWIFT_STANDARD_LIBRARIES = YES;
				CODE_SIGN_STYLE = Automatic;
				CURRENT_PROJECT_VERSION = 1;
				DEVELOPMENT_TEAM = 26596TK65H;
				GENERATE_INFOPLIST_FILE = YES;
				MARKETING_VERSION = 1.0;
				PRODUCT_BUNDLE_IDENTIFIER = "com.skmoyana.Simon-s-Weather-AppUITests";
				PRODUCT_NAME = "$(TARGET_NAME)";
				SWIFT_EMIT_LOC_STRINGS = NO;
				SWIFT_VERSION = 5.0;
				TARGETED_DEVICE_FAMILY = "1,2";
				TEST_TARGET_NAME = "Simon's Weather App";
			};
			name = Debug;
		};
		E3AE93B52857D1F800545925 /* Release */ = {
			isa = XCBuildConfiguration;
			buildSettings = {
				ALWAYS_EMBED_SWIFT_STANDARD_LIBRARIES = YES;
				CODE_SIGN_STYLE = Automatic;
				CURRENT_PROJECT_VERSION = 1;
				DEVELOPMENT_TEAM = 26596TK65H;
				GENERATE_INFOPLIST_FILE = YES;
				MARKETING_VERSION = 1.0;
				PRODUCT_BUNDLE_IDENTIFIER = "com.skmoyana.Simon-s-Weather-AppUITests";
				PRODUCT_NAME = "$(TARGET_NAME)";
				SWIFT_EMIT_LOC_STRINGS = NO;
				SWIFT_VERSION = 5.0;
				TARGETED_DEVICE_FAMILY = "1,2";
				TEST_TARGET_NAME = "Simon's Weather App";
			};
			name = Release;
		};
/* End XCBuildConfiguration section */

/* Begin XCConfigurationList section */
		E3AE93842857D1F500545925 /* Build configuration list for PBXProject "Simon's Weather App" */ = {
			isa = XCConfigurationList;
			buildConfigurations = (
				E3AE93AB2857D1F800545925 /* Debug */,
				E3AE93AC2857D1F800545925 /* Release */,
			);
			defaultConfigurationIsVisible = 0;
			defaultConfigurationName = Release;
		};
		E3AE93AD2857D1F800545925 /* Build configuration list for PBXNativeTarget "Simon's Weather App" */ = {
			isa = XCConfigurationList;
			buildConfigurations = (
				E3AE93AE2857D1F800545925 /* Debug */,
				E3AE93AF2857D1F800545925 /* Release */,
			);
			defaultConfigurationIsVisible = 0;
			defaultConfigurationName = Release;
		};
		E3AE93B02857D1F800545925 /* Build configuration list for PBXNativeTarget "Simon's Weather AppTests" */ = {
			isa = XCConfigurationList;
			buildConfigurations = (
				E3AE93B12857D1F800545925 /* Debug */,
				E3AE93B22857D1F800545925 /* Release */,
			);
			defaultConfigurationIsVisible = 0;
			defaultConfigurationName = Release;
		};
		E3AE93B32857D1F800545925 /* Build configuration list for PBXNativeTarget "Simon's Weather AppUITests" */ = {
			isa = XCConfigurationList;
			buildConfigurations = (
				E3AE93B42857D1F800545925 /* Debug */,
				E3AE93B52857D1F800545925 /* Release */,
			);
			defaultConfigurationIsVisible = 0;
			defaultConfigurationName = Release;
		};
/* End XCConfigurationList section */
	};
	rootObject = E3AE93812857D1F500545925 /* Project object */;
}
